
Microsoft Visual Studio Solution File, Format Version 12.00
# Visual Studio 15
Project("{FAE04EC0-301F-11D3-BF4B-00C04F79EFBC}") = "PencilDurability", "Pencil-Durability\PencilDurability.csproj", "{F92C0215-C9E5-40BC-809B-F11A134B6430}"
EndProject
Project("{FAE04EC0-301F-11D3-BF4B-00C04F79EFBC}") = "PencilDurabilityTests", "PencilDurabilityTests\PencilDurabilityTests.csproj", "{B9A55496-A794-41EF-A86A-711297B03977}"
EndProject
Global
	GlobalSection(SolutionConfigurationPlatforms) = preSolution
		Debug|Any CPU = Debug|Any CPU
		Release|Any CPU = Release|Any CPU
	EndGlobalSection
	GlobalSection(ProjectConfigurationPlatforms) = postSolution
		{F92C0215-C9E5-40BC-809B-F11A134B6430}.Debug|Any CPU.ActiveCfg = Debug|Any CPU
		{F92C0215-C9E5-40BC-809B-F11A134B6430}.Debug|Any CPU.Build.0 = Debug|Any CPU
		{F92C0215-C9E5-40BC-809B-F11A134B6430}.Release|Any CPU.ActiveCfg = Release|Any CPU
		{F92C0215-C9E5-40BC-809B-F11A134B6430}.Release|Any CPU.Build.0 = Release|Any CPU
		{B9A55496-A794-41EF-A86A-711297B03977}.Debug|Any CPU.ActiveCfg = Debug|Any CPU
		{B9A55496-A794-41EF-A86A-711297B03977}.Debug|Any CPU.Build.0 = Debug|Any CPU
		{B9A55496-A794-41EF-A86A-711297B03977}.Release|Any CPU.ActiveCfg = Release|Any CPU
		{B9A55496-A794-41EF-A86A-711297B03977}.Release|Any CPU.Build.0 = Release|Any CPU
	EndGlobalSection
EndGlobal
